// !$*UTF8*$!
{
	archiveVersion = 1;
	classes = {
	};
	objectVersion = 50;
	objects = {

/* Begin PBXBuildFile section */
		E987470525E5726E0062E9BF /* AppDelegate.swift in Sources */ = {isa = PBXBuildFile; fileRef = E987470425E5726E0062E9BF /* AppDelegate.swift */; };
		E987470725E5726E0062E9BF /* SceneDelegate.swift in Sources */ = {isa = PBXBuildFile; fileRef = E987470625E5726E0062E9BF /* SceneDelegate.swift */; };
		E987470C25E5726E0062E9BF /* Main.storyboard in Resources */ = {isa = PBXBuildFile; fileRef = E987470A25E5726E0062E9BF /* Main.storyboard */; };
		E987470E25E572780062E9BF /* Assets.xcassets in Resources */ = {isa = PBXBuildFile; fileRef = E987470D25E572780062E9BF /* Assets.xcassets */; };
		E987471125E572780062E9BF /* LaunchScreen.storyboard in Resources */ = {isa = PBXBuildFile; fileRef = E987470F25E572780062E9BF /* LaunchScreen.storyboard */; };
		E987471C25E572790062E9BF /* StocksAPIWebChallengeTests.swift in Sources */ = {isa = PBXBuildFile; fileRef = E987471B25E572790062E9BF /* StocksAPIWebChallengeTests.swift */; };
		E987472725E572790062E9BF /* StocksAPIWebChallengeUITests.swift in Sources */ = {isa = PBXBuildFile; fileRef = E987472625E572790062E9BF /* StocksAPIWebChallengeUITests.swift */; };
		E987474025E5743F0062E9BF /* StocksTableViewController.swift in Sources */ = {isa = PBXBuildFile; fileRef = E987473F25E5743F0062E9BF /* StocksTableViewController.swift */; };
		E987474525E5766B0062E9BF /* StocksDetailTableViewController.swift in Sources */ = {isa = PBXBuildFile; fileRef = E987474425E5766B0062E9BF /* StocksDetailTableViewController.swift */; };
		E98DD4D425EC791F0041A529 /* SwiftyJSON.swift in Sources */ = {isa = PBXBuildFile; fileRef = E98DD4D325EC791F0041A529 /* SwiftyJSON.swift */; };
		E98DD4D925EC7AA40041A529 /* StocksDetailViewController.swift in Sources */ = {isa = PBXBuildFile; fileRef = E98DD4D825EC7AA40041A529 /* StocksDetailViewController.swift */; };
		E98DD4E625EC946E0041A529 /* StockDetail.swift in Sources */ = {isa = PBXBuildFile; fileRef = E98DD4E525EC946E0041A529 /* StockDetail.swift */; };
/* End PBXBuildFile section */

/* Begin PBXContainerItemProxy section */
		E987471825E572790062E9BF /* PBXContainerItemProxy */ = {
			isa = PBXContainerItemProxy;
			containerPortal = E98746F925E5726E0062E9BF /* Project object */;
			proxyType = 1;
			remoteGlobalIDString = E987470025E5726E0062E9BF;
			remoteInfo = StocksAPIWebChallenge;
		};
		E987472325E572790062E9BF /* PBXContainerItemProxy */ = {
			isa = PBXContainerItemProxy;
			containerPortal = E98746F925E5726E0062E9BF /* Project object */;
			proxyType = 1;
			remoteGlobalIDString = E987470025E5726E0062E9BF;
			remoteInfo = StocksAPIWebChallenge;
		};
/* End PBXContainerItemProxy section */

/* Begin PBXFileReference section */
		E987470125E5726E0062E9BF /* StocksAPIWebChallenge.app */ = {isa = PBXFileReference; explicitFileType = wrapper.application; includeInIndex = 0; path = StocksAPIWebChallenge.app; sourceTree = BUILT_PRODUCTS_DIR; };
		E987470425E5726E0062E9BF /* AppDelegate.swift */ = {isa = PBXFileReference; lastKnownFileType = sourcecode.swift; path = AppDelegate.swift; sourceTree = "<group>"; };
		E987470625E5726E0062E9BF /* SceneDelegate.swift */ = {isa = PBXFileReference; lastKnownFileType = sourcecode.swift; path = SceneDelegate.swift; sourceTree = "<group>"; };
		E987470B25E5726E0062E9BF /* Base */ = {isa = PBXFileReference; lastKnownFileType = file.storyboard; name = Base; path = Base.lproj/Main.storyboard; sourceTree = "<group>"; };
		E987470D25E572780062E9BF /* Assets.xcassets */ = {isa = PBXFileReference; lastKnownFileType = folder.assetcatalog; path = Assets.xcassets; sourceTree = "<group>"; };
		E987471025E572780062E9BF /* Base */ = {isa = PBXFileReference; lastKnownFileType = file.storyboard; name = Base; path = Base.lproj/LaunchScreen.storyboard; sourceTree = "<group>"; };
		E987471225E572780062E9BF /* Info.plist */ = {isa = PBXFileReference; lastKnownFileType = text.plist.xml; path = Info.plist; sourceTree = "<group>"; };
		E987471725E572790062E9BF /* StocksAPIWebChallengeTests.xctest */ = {isa = PBXFileReference; explicitFileType = wrapper.cfbundle; includeInIndex = 0; path = StocksAPIWebChallengeTests.xctest; sourceTree = BUILT_PRODUCTS_DIR; };
		E987471B25E572790062E9BF /* StocksAPIWebChallengeTests.swift */ = {isa = PBXFileReference; lastKnownFileType = sourcecode.swift; path = StocksAPIWebChallengeTests.swift; sourceTree = "<group>"; };
		E987471D25E572790062E9BF /* Info.plist */ = {isa = PBXFileReference; lastKnownFileType = text.plist.xml; path = Info.plist; sourceTree = "<group>"; };
		E987472225E572790062E9BF /* StocksAPIWebChallengeUITests.xctest */ = {isa = PBXFileReference; explicitFileType = wrapper.cfbundle; includeInIndex = 0; path = StocksAPIWebChallengeUITests.xctest; sourceTree = BUILT_PRODUCTS_DIR; };
		E987472625E572790062E9BF /* StocksAPIWebChallengeUITests.swift */ = {isa = PBXFileReference; lastKnownFileType = sourcecode.swift; path = StocksAPIWebChallengeUITests.swift; sourceTree = "<group>"; };
		E987472825E572790062E9BF /* Info.plist */ = {isa = PBXFileReference; lastKnownFileType = text.plist.xml; path = Info.plist; sourceTree = "<group>"; };
		E987473F25E5743F0062E9BF /* StocksTableViewController.swift */ = {isa = PBXFileReference; lastKnownFileType = sourcecode.swift; path = StocksTableViewController.swift; sourceTree = "<group>"; };
		E987474425E5766B0062E9BF /* StocksDetailTableViewController.swift */ = {isa = PBXFileReference; lastKnownFileType = sourcecode.swift; path = StocksDetailTableViewController.swift; sourceTree = "<group>"; };
		E98DD4D325EC791F0041A529 /* SwiftyJSON.swift */ = {isa = PBXFileReference; fileEncoding = 4; lastKnownFileType = sourcecode.swift; path = SwiftyJSON.swift; sourceTree = "<group>"; };
		E98DD4D825EC7AA40041A529 /* StocksDetailViewController.swift */ = {isa = PBXFileReference; lastKnownFileType = sourcecode.swift; path = StocksDetailViewController.swift; sourceTree = "<group>"; };
		E98DD4E525EC946E0041A529 /* StockDetail.swift */ = {isa = PBXFileReference; lastKnownFileType = sourcecode.swift; path = StockDetail.swift; sourceTree = "<group>"; };
/* End PBXFileReference section */

/* Begin PBXFrameworksBuildPhase section */
		E98746FE25E5726E0062E9BF /* Frameworks */ = {
			isa = PBXFrameworksBuildPhase;
			buildActionMask = 2147483647;
			files = (
			);
			runOnlyForDeploymentPostprocessing = 0;
		};
		E987471425E572790062E9BF /* Frameworks */ = {
			isa = PBXFrameworksBuildPhase;
			buildActionMask = 2147483647;
			files = (
			);
			runOnlyForDeploymentPostprocessing = 0;
		};
		E987471F25E572790062E9BF /* Frameworks */ = {
			isa = PBXFrameworksBuildPhase;
			buildActionMask = 2147483647;
			files = (
			);
			runOnlyForDeploymentPostprocessing = 0;
		};
/* End PBXFrameworksBuildPhase section */

/* Begin PBXGroup section */
		E98746F825E5726E0062E9BF = {
			isa = PBXGroup;
			children = (
				E987470325E5726E0062E9BF /* StocksAPIWebChallenge */,
				E987471A25E572790062E9BF /* StocksAPIWebChallengeTests */,
				E987472525E572790062E9BF /* StocksAPIWebChallengeUITests */,
				E987470225E5726E0062E9BF /* Products */,
			);
			sourceTree = "<group>";
		};
		E987470225E5726E0062E9BF /* Products */ = {
			isa = PBXGroup;
			children = (
				E987470125E5726E0062E9BF /* StocksAPIWebChallenge.app */,
				E987471725E572790062E9BF /* StocksAPIWebChallengeTests.xctest */,
				E987472225E572790062E9BF /* StocksAPIWebChallengeUITests.xctest */,
			);
			name = Products;
			sourceTree = "<group>";
		};
		E987470325E5726E0062E9BF /* StocksAPIWebChallenge */ = {
			isa = PBXGroup;
			children = (
				E987470425E5726E0062E9BF /* AppDelegate.swift */,
				E987470625E5726E0062E9BF /* SceneDelegate.swift */,
				E987470A25E5726E0062E9BF /* Main.storyboard */,
				E987473F25E5743F0062E9BF /* StocksTableViewController.swift */,
				E987474425E5766B0062E9BF /* StocksDetailTableViewController.swift */,
				E98DD4D825EC7AA40041A529 /* StocksDetailViewController.swift */,
				E98DD4E525EC946E0041A529 /* StockDetail.swift */,
				E987470D25E572780062E9BF /* Assets.xcassets */,
				E987470F25E572780062E9BF /* LaunchScreen.storyboard */,
				E987471225E572780062E9BF /* Info.plist */,
				E98DD4D325EC791F0041A529 /* SwiftyJSON.swift */,
			);
			path = StocksAPIWebChallenge;
			sourceTree = "<group>";
		};
		E987471A25E572790062E9BF /* StocksAPIWebChallengeTests */ = {
			isa = PBXGroup;
			children = (
				E987471B25E572790062E9BF /* StocksAPIWebChallengeTests.swift */,
				E987471D25E572790062E9BF /* Info.plist */,
			);
			path = StocksAPIWebChallengeTests;
			sourceTree = "<group>";
		};
		E987472525E572790062E9BF /* StocksAPIWebChallengeUITests */ = {
			isa = PBXGroup;
			children = (
				E987472625E572790062E9BF /* StocksAPIWebChallengeUITests.swift */,
				E987472825E572790062E9BF /* Info.plist */,
			);
			path = StocksAPIWebChallengeUITests;
			sourceTree = "<group>";
		};
/* End PBXGroup section */

/* Begin PBXNativeTarget section */
		E987470025E5726E0062E9BF /* StocksAPIWebChallenge */ = {
			isa = PBXNativeTarget;
			buildConfigurationList = E987472B25E572790062E9BF /* Build configuration list for PBXNativeTarget "StocksAPIWebChallenge" */;
			buildPhases = (
				E98746FD25E5726E0062E9BF /* Sources */,
				E98746FE25E5726E0062E9BF /* Frameworks */,
				E98746FF25E5726E0062E9BF /* Resources */,
			);
			buildRules = (
			);
			dependencies = (
			);
			name = StocksAPIWebChallenge;
			productName = StocksAPIWebChallenge;
			productReference = E987470125E5726E0062E9BF /* StocksAPIWebChallenge.app */;
			productType = "com.apple.product-type.application";
		};
		E987471625E572790062E9BF /* StocksAPIWebChallengeTests */ = {
			isa = PBXNativeTarget;
			buildConfigurationList = E987472E25E572790062E9BF /* Build configuration list for PBXNativeTarget "StocksAPIWebChallengeTests" */;
			buildPhases = (
				E987471325E572790062E9BF /* Sources */,
				E987471425E572790062E9BF /* Frameworks */,
				E987471525E572790062E9BF /* Resources */,
			);
			buildRules = (
			);
			dependencies = (
				E987471925E572790062E9BF /* PBXTargetDependency */,
			);
			name = StocksAPIWebChallengeTests;
			productName = StocksAPIWebChallengeTests;
			productReference = E987471725E572790062E9BF /* StocksAPIWebChallengeTests.xctest */;
			productType = "com.apple.product-type.bundle.unit-test";
		};
		E987472125E572790062E9BF /* StocksAPIWebChallengeUITests */ = {
			isa = PBXNativeTarget;
			buildConfigurationList = E987473125E572790062E9BF /* Build configuration list for PBXNativeTarget "StocksAPIWebChallengeUITests" */;
			buildPhases = (
				E987471E25E572790062E9BF /* Sources */,
				E987471F25E572790062E9BF /* Frameworks */,
				E987472025E572790062E9BF /* Resources */,
			);
			buildRules = (
			);
			dependencies = (
				E987472425E572790062E9BF /* PBXTargetDependency */,
			);
			name = StocksAPIWebChallengeUITests;
			productName = StocksAPIWebChallengeUITests;
			productReference = E987472225E572790062E9BF /* StocksAPIWebChallengeUITests.xctest */;
			productType = "com.apple.product-type.bundle.ui-testing";
		};
/* End PBXNativeTarget section */

/* Begin PBXProject section */
		E98746F925E5726E0062E9BF /* Project object */ = {
			isa = PBXProject;
			attributes = {
				LastSwiftUpdateCheck = 1240;
				LastUpgradeCheck = 1240;
				TargetAttributes = {
					E987470025E5726E0062E9BF = {
						CreatedOnToolsVersion = 12.4;
					};
					E987471625E572790062E9BF = {
						CreatedOnToolsVersion = 12.4;
						TestTargetID = E987470025E5726E0062E9BF;
					};
					E987472125E572790062E9BF = {
						CreatedOnToolsVersion = 12.4;
						TestTargetID = E987470025E5726E0062E9BF;
					};
				};
			};
			buildConfigurationList = E98746FC25E5726E0062E9BF /* Build configuration list for PBXProject "StocksAPIWebChallenge" */;
			compatibilityVersion = "Xcode 9.3";
			developmentRegion = en;
			hasScannedForEncodings = 0;
			knownRegions = (
				en,
				Base,
			);
			mainGroup = E98746F825E5726E0062E9BF;
			productRefGroup = E987470225E5726E0062E9BF /* Products */;
			projectDirPath = "";
			projectRoot = "";
			targets = (
				E987470025E5726E0062E9BF /* StocksAPIWebChallenge */,
				E987471625E572790062E9BF /* StocksAPIWebChallengeTests */,
				E987472125E572790062E9BF /* StocksAPIWebChallengeUITests */,
			);
		};
/* End PBXProject section */

/* Begin PBXResourcesBuildPhase section */
		E98746FF25E5726E0062E9BF /* Resources */ = {
			isa = PBXResourcesBuildPhase;
			buildActionMask = 2147483647;
			files = (
				E987471125E572780062E9BF /* LaunchScreen.storyboard in Resources */,
				E987470E25E572780062E9BF /* Assets.xcassets in Resources */,
				E987470C25E5726E0062E9BF /* Main.storyboard in Resources */,
			);
			runOnlyForDeploymentPostprocessing = 0;
		};
		E987471525E572790062E9BF /* Resources */ = {
			isa = PBXResourcesBuildPhase;
			buildActionMask = 2147483647;
			files = (
			);
			runOnlyForDeploymentPostprocessing = 0;
		};
		E987472025E572790062E9BF /* Resources */ = {
			isa = PBXResourcesBuildPhase;
			buildActionMask = 2147483647;
			files = (
			);
			runOnlyForDeploymentPostprocessing = 0;
		};
/* End PBXResourcesBuildPhase section */

/* Begin PBXSourcesBuildPhase section */
		E98746FD25E5726E0062E9BF /* Sources */ = {
			isa = PBXSourcesBuildPhase;
			buildActionMask = 2147483647;
			files = (
				E98DD4D925EC7AA40041A529 /* StocksDetailViewController.swift in Sources */,
				E987474025E5743F0062E9BF /* StocksTableViewController.swift in Sources */,
				E987470525E5726E0062E9BF /* AppDelegate.swift in Sources */,
				E98DD4E625EC946E0041A529 /* StockDetail.swift in Sources */,
				E987470725E5726E0062E9BF /* SceneDelegate.swift in Sources */,
				E98DD4D425EC791F0041A529 /* SwiftyJSON.swift in Sources */,
				E987474525E5766B0062E9BF /* StocksDetailTableViewController.swift in Sources */,
			);
			runOnlyForDeploymentPostprocessing = 0;
		};
		E987471325E572790062E9BF /* Sources */ = {
			isa = PBXSourcesBuildPhase;
			buildActionMask = 2147483647;
			files = (
				E987471C25E572790062E9BF /* StocksAPIWebChallengeTests.swift in Sources */,
			);
			runOnlyForDeploymentPostprocessing = 0;
		};
		E987471E25E572790062E9BF /* Sources */ = {
			isa = PBXSourcesBuildPhase;
			buildActionMask = 2147483647;
			files = (
				E987472725E572790062E9BF /* StocksAPIWebChallengeUITests.swift in Sources */,
			);
			runOnlyForDeploymentPostprocessing = 0;
		};
/* End PBXSourcesBuildPhase section */

/* Begin PBXTargetDependency section */
		E987471925E572790062E9BF /* PBXTargetDependency */ = {
			isa = PBXTargetDependency;
			target = E987470025E5726E0062E9BF /* StocksAPIWebChallenge */;
			targetProxy = E987471825E572790062E9BF /* PBXContainerItemProxy */;
		};
		E987472425E572790062E9BF /* PBXTargetDependency */ = {
			isa = PBXTargetDependency;
			target = E987470025E5726E0062E9BF /* StocksAPIWebChallenge */;
			targetProxy = E987472325E572790062E9BF /* PBXContainerItemProxy */;
		};
/* End PBXTargetDependency section */

/* Begin PBXVariantGroup section */
		E987470A25E5726E0062E9BF /* Main.storyboard */ = {
			isa = PBXVariantGroup;
			children = (
				E987470B25E5726E0062E9BF /* Base */,
			);
			name = Main.storyboard;
			sourceTree = "<group>";
		};
		E987470F25E572780062E9BF /* LaunchScreen.storyboard */ = {
			isa = PBXVariantGroup;
			children = (
				E987471025E572780062E9BF /* Base */,
			);
			name = LaunchScreen.storyboard;
			sourceTree = "<group>";
		};
/* End PBXVariantGroup section */

/* Begin XCBuildConfiguration section */
		E987472925E572790062E9BF /* Debug */ = {
			isa = XCBuildConfiguration;
			buildSettings = {
				ALWAYS_SEARCH_USER_PATHS = NO;
				CLANG_ANALYZER_NONNULL = YES;
				CLANG_ANALYZER_NUMBER_OBJECT_CONVERSION = YES_AGGRESSIVE;
				CLANG_CXX_LANGUAGE_STANDARD = "gnu++14";
				CLANG_CXX_LIBRARY = "libc++";
				CLANG_ENABLE_MODULES = YES;
				CLANG_ENABLE_OBJC_ARC = YES;
				CLANG_ENABLE_OBJC_WEAK = YES;
				CLANG_WARN_BLOCK_CAPTURE_AUTORELEASING = YES;
				CLANG_WARN_BOOL_CONVERSION = YES;
				CLANG_WARN_COMMA = YES;
				CLANG_WARN_CONSTANT_CONVERSION = YES;
				CLANG_WARN_DEPRECATED_OBJC_IMPLEMENTATIONS = YES;
				CLANG_WARN_DIRECT_OBJC_ISA_USAGE = YES_ERROR;
				CLANG_WARN_DOCUMENTATION_COMMENTS = YES;
				CLANG_WARN_EMPTY_BODY = YES;
				CLANG_WARN_ENUM_CONVERSION = YES;
				CLANG_WARN_INFINITE_RECURSION = YES;
				CLANG_WARN_INT_CONVERSION = YES;
				CLANG_WARN_NON_LITERAL_NULL_CONVERSION = YES;
				CLANG_WARN_OBJC_IMPLICIT_RETAIN_SELF = YES;
				CLANG_WARN_OBJC_LITERAL_CONVERSION = YES;
				CLANG_WARN_OBJC_ROOT_CLASS = YES_ERROR;
				CLANG_WARN_QUOTED_INCLUDE_IN_FRAMEWORK_HEADER = YES;
				CLANG_WARN_RANGE_LOOP_ANALYSIS = YES;
				CLANG_WARN_STRICT_PROTOTYPES = YES;
				CLANG_WARN_SUSPICIOUS_MOVE = YES;
				CLANG_WARN_UNGUARDED_AVAILABILITY = YES_AGGRESSIVE;
				CLANG_WARN_UNREACHABLE_CODE = YES;
				CLANG_WARN__DUPLICATE_METHOD_MATCH = YES;
				COPY_PHASE_STRIP = NO;
				DEBUG_INFORMATION_FORMAT = dwarf;
				ENABLE_STRICT_OBJC_MSGSEND = YES;
				ENABLE_TESTABILITY = YES;
				GCC_C_LANGUAGE_STANDARD = gnu11;
				GCC_DYNAMIC_NO_PIC = NO;
				GCC_NO_COMMON_BLOCKS = YES;
				GCC_OPTIMIZATION_LEVEL = 0;
				GCC_PREPROCESSOR_DEFINITIONS = (
					"DEBUG=1",
					"$(inherited)",
				);
				GCC_WARN_64_TO_32_BIT_CONVERSION = YES;
				GCC_WARN_ABOUT_RETURN_TYPE = YES_ERROR;
				GCC_WARN_UNDECLARED_SELECTOR = YES;
				GCC_WARN_UNINITIALIZED_AUTOS = YES_AGGRESSIVE;
				GCC_WARN_UNUSED_FUNCTION = YES;
				GCC_WARN_UNUSED_VARIABLE = YES;
				IPHONEOS_DEPLOYMENT_TARGET = 14.4;
				MTL_ENABLE_DEBUG_INFO = INCLUDE_SOURCE;
				MTL_FAST_MATH = YES;
				ONLY_ACTIVE_ARCH = YES;
				SDKROOT = iphoneos;
				SWIFT_ACTIVE_COMPILATION_CONDITIONS = DEBUG;
				SWIFT_OPTIMIZATION_LEVEL = "-Onone";
			};
			name = Debug;
		};
		E987472A25E572790062E9BF /* Release */ = {
			isa = XCBuildConfiguration;
			buildSettings = {
				ALWAYS_SEARCH_USER_PATHS = NO;
				CLANG_ANALYZER_NONNULL = YES;
				CLANG_ANALYZER_NUMBER_OBJECT_CONVERSION = YES_AGGRESSIVE;
				CLANG_CXX_LANGUAGE_STANDARD = "gnu++14";
				CLANG_CXX_LIBRARY = "libc++";
				CLANG_ENABLE_MODULES = YES;
				CLANG_ENABLE_OBJC_ARC = YES;
				CLANG_ENABLE_OBJC_WEAK = YES;
				CLANG_WARN_BLOCK_CAPTURE_AUTORELEASING = YES;
				CLANG_WARN_BOOL_CONVERSION = YES;
				CLANG_WARN_COMMA = YES;
				CLANG_WARN_CONSTANT_CONVERSION = YES;
				CLANG_WARN_DEPRECATED_OBJC_IMPLEMENTATIONS = YES;
				CLANG_WARN_DIRECT_OBJC_ISA_USAGE = YES_ERROR;
				CLANG_WARN_DOCUMENTATION_COMMENTS = YES;
				CLANG_WARN_EMPTY_BODY = YES;
				CLANG_WARN_ENUM_CONVERSION = YES;
				CLANG_WARN_INFINITE_RECURSION = YES;
				CLANG_WARN_INT_CONVERSION = YES;
				CLANG_WARN_NON_LITERAL_NULL_CONVERSION = YES;
				CLANG_WARN_OBJC_IMPLICIT_RETAIN_SELF = YES;
				CLANG_WARN_OBJC_LITERAL_CONVERSION = YES;
				CLANG_WARN_OBJC_ROOT_CLASS = YES_ERROR;
				CLANG_WARN_QUOTED_INCLUDE_IN_FRAMEWORK_HEADER = YES;
				CLANG_WARN_RANGE_LOOP_ANALYSIS = YES;
				CLANG_WARN_STRICT_PROTOTYPES = YES;
				CLANG_WARN_SUSPICIOUS_MOVE = YES;
				CLANG_WARN_UNGUARDED_AVAILABILITY = YES_AGGRESSIVE;
				CLANG_WARN_UNREACHABLE_CODE = YES;
				CLANG_WARN__DUPLICATE_METHOD_MATCH = YES;
				COPY_PHASE_STRIP = NO;
				DEBUG_INFORMATION_FORMAT = "dwarf-with-dsym";
				ENABLE_NS_ASSERTIONS = NO;
				ENABLE_STRICT_OBJC_MSGSEND = YES;
				GCC_C_LANGUAGE_STANDARD = gnu11;
				GCC_NO_COMMON_BLOCKS = YES;
				GCC_WARN_64_TO_32_BIT_CONVERSION = YES;
				GCC_WARN_ABOUT_RETURN_TYPE = YES_ERROR;
				GCC_WARN_UNDECLARED_SELECTOR = YES;
				GCC_WARN_UNINITIALIZED_AUTOS = YES_AGGRESSIVE;
				GCC_WARN_UNUSED_FUNCTION = YES;
				GCC_WARN_UNUSED_VARIABLE = YES;
				IPHONEOS_DEPLOYMENT_TARGET = 14.4;
				MTL_ENABLE_DEBUG_INFO = NO;
				MTL_FAST_MATH = YES;
				SDKROOT = iphoneos;
				SWIFT_COMPILATION_MODE = wholemodule;
				SWIFT_OPTIMIZATION_LEVEL = "-O";
				VALIDATE_PRODUCT = YES;
			};
			name = Release;
		};
		E987472C25E572790062E9BF /* Debug */ = {
			isa = XCBuildConfiguration;
			buildSettings = {
				ASSETCATALOG_COMPILER_APPICON_NAME = AppIcon;
				ASSETCATALOG_COMPILER_GLOBAL_ACCENT_COLOR_NAME = AccentColor;
				CODE_SIGN_STYLE = Automatic;
				DEVELOPMENT_TEAM = 489TSCG8D3;
				INFOPLIST_FILE = StocksAPIWebChallenge/Info.plist;
				LD_RUNPATH_SEARCH_PATHS = (
					"$(inherited)",
					"@executable_path/Frameworks",
				);
				PRODUCT_BUNDLE_IDENTIFIER = yuFelix.StocksAPIWebChallenge;
				PRODUCT_NAME = "$(TARGET_NAME)";
				SWIFT_VERSION = 5.0;
				TARGETED_DEVICE_FAMILY = "1,2";
			};
			name = Debug;
		};
		E987472D25E572790062E9BF /* Release */ = {
			isa = XCBuildConfiguration;
			buildSettings = {
				ASSETCATALOG_COMPILER_APPICON_NAME = AppIcon;
				ASSETCATALOG_COMPILER_GLOBAL_ACCENT_COLOR_NAME = AccentColor;
				CODE_SIGN_STYLE = Automatic;
				DEVELOPMENT_TEAM = 489TSCG8D3;
				INFOPLIST_FILE = StocksAPIWebChallenge/Info.plist;
				LD_RUNPATH_SEARCH_PATHS = (
					"$(inherited)",
					"@executable_path/Frameworks",
				);
				PRODUCT_BUNDLE_IDENTIFIER = yuFelix.StocksAPIWebChallenge;
				PRODUCT_NAME = "$(TARGET_NAME)";
				SWIFT_VERSION = 5.0;
				TARGETED_DEVICE_FAMILY = "1,2";
			};
			name = Release;
		};
		E987472F25E572790062E9BF /* Debug */ = {
			isa = XCBuildConfiguration;
			buildSettings = {
				ALWAYS_EMBED_SWIFT_STANDARD_LIBRARIES = YES;
				BUNDLE_LOADER = "$(TEST_HOST)";
				CODE_SIGN_STYLE = Automatic;
				DEVELOPMENT_TEAM = 489TSCG8D3;
				INFOPLIST_FILE = StocksAPIWebChallengeTests/Info.plist;
				IPHONEOS_DEPLOYMENT_TARGET = 14.4;
				LD_RUNPATH_SEARCH_PATHS = (
					"$(inherited)",
					"@executable_path/Frameworks",
					"@loader_path/Frameworks",
				);
				PRODUCT_BUNDLE_IDENTIFIER = yuFelix.StocksAPIWebChallengeTests;
				PRODUCT_NAME = "$(TARGET_NAME)";
				SWIFT_VERSION = 5.0;
				TARGETED_DEVICE_FAMILY = "1,2";
				TEST_HOST = "$(BUILT_PRODUCTS_DIR)/StocksAPIWebChallenge.app/StocksAPIWebChallenge";
			};
			name = Debug;
		};
		E987473025E572790062E9BF /* Release */ = {
			isa = XCBuildConfiguration;
			buildSettings = {
				ALWAYS_EMBED_SWIFT_STANDARD_LIBRARIES = YES;
				BUNDLE_LOADER = "$(TEST_HOST)";
				CODE_SIGN_STYLE = Automatic;
				DEVELOPMENT_TEAM = 489TSCG8D3;
				INFOPLIST_FILE = StocksAPIWebChallengeTests/Info.plist;
				IPHONEOS_DEPLOYMENT_TARGET = 14.4;
				LD_RUNPATH_SEARCH_PATHS = (
					"$(inherited)",
					"@executable_path/Frameworks",
					"@loader_path/Frameworks",
				);
				PRODUCT_BUNDLE_IDENTIFIER = yuFelix.StocksAPIWebChallengeTests;
				PRODUCT_NAME = "$(TARGET_NAME)";
				SWIFT_VERSION = 5.0;
				TARGETED_DEVICE_FAMILY = "1,2";
				TEST_HOST = "$(BUILT_PRODUCTS_DIR)/StocksAPIWebChallenge.app/StocksAPIWebChallenge";
			};
			name = Release;
		};
		E987473225E572790062E9BF /* Debug */ = {
			isa = XCBuildConfiguration;
			buildSettings = {
				ALWAYS_EMBED_SWIFT_STANDARD_LIBRARIES = YES;
				CODE_SIGN_STYLE = Automatic;
				DEVELOPMENT_TEAM = 489TSCG8D3;
				INFOPLIST_FILE = StocksAPIWebChallengeUITests/Info.plist;
				LD_RUNPATH_SEARCH_PATHS = (
					"$(inherited)",
					"@executable_path/Frameworks",
					"@loader_path/Frameworks",
				);
				PRODUCT_BUNDLE_IDENTIFIER = yuFelix.StocksAPIWebChallengeUITests;
				PRODUCT_NAME = "$(TARGET_NAME)";
				SWIFT_VERSION = 5.0;
				TARGETED_DEVICE_FAMILY = "1,2";
				TEST_TARGET_NAME = StocksAPIWebChallenge;
			};
			name = Debug;
		};
		E987473325E572790062E9BF /* Release */ = {
			isa = XCBuildConfiguration;
			buildSettings = {
				ALWAYS_EMBED_SWIFT_STANDARD_LIBRARIES = YES;
				CODE_SIGN_STYLE = Automatic;
				DEVELOPMENT_TEAM = 489TSCG8D3;
				INFOPLIST_FILE = StocksAPIWebChallengeUITests/Info.plist;
				LD_RUNPATH_SEARCH_PATHS = (
					"$(inherited)",
					"@executable_path/Frameworks",
					"@loader_path/Frameworks",
				);
				PRODUCT_BUNDLE_IDENTIFIER = yuFelix.StocksAPIWebChallengeUITests;
				PRODUCT_NAME = "$(TARGET_NAME)";
				SWIFT_VERSION = 5.0;
				TARGETED_DEVICE_FAMILY = "1,2";
				TEST_TARGET_NAME = StocksAPIWebChallenge;
			};
			name = Release;
		};
/* End XCBuildConfiguration section */

/* Begin XCConfigurationList section */
		E98746FC25E5726E0062E9BF /* Build configuration list for PBXProject "StocksAPIWebChallenge" */ = {
			isa = XCConfigurationList;
			buildConfigurations = (
				E987472925E572790062E9BF /* Debug */,
				E987472A25E572790062E9BF /* Release */,
			);
			defaultConfigurationIsVisible = 0;
			defaultConfigurationName = Release;
		};
		E987472B25E572790062E9BF /* Build configuration list for PBXNativeTarget "StocksAPIWebChallenge" */ = {
			isa = XCConfigurationList;
			buildConfigurations = (
				E987472C25E572790062E9BF /* Debug */,
				E987472D25E572790062E9BF /* Release */,
			);
			defaultConfigurationIsVisible = 0;
			defaultConfigurationName = Release;
		};
		E987472E25E572790062E9BF /* Build configuration list for PBXNativeTarget "StocksAPIWebChallengeTests" */ = {
			isa = XCConfigurationList;
			buildConfigurations = (
				E987472F25E572790062E9BF /* Debug */,
				E987473025E572790062E9BF /* Release */,
			);
			defaultConfigurationIsVisible = 0;
			defaultConfigurationName = Release;
		};
		E987473125E572790062E9BF /* Build configuration list for PBXNativeTarget "StocksAPIWebChallengeUITests" */ = {
			isa = XCConfigurationList;
			buildConfigurations = (
				E987473225E572790062E9BF /* Debug */,
				E987473325E572790062E9BF /* Release */,
			);
			defaultConfigurationIsVisible = 0;
			defaultConfigurationName = Release;
		};
/* End XCConfigurationList section */
	};
	rootObject = E98746F925E5726E0062E9BF /* Project object */;
}
